// !$*UTF8*$!
{
	archiveVersion = 1;
	classes = {
	};
	objectVersion = 46;
	objects = {

/* Begin PBXBuildFile section */
		5700119617F4FDA600F764A8 /* Foundation.framework in Frameworks */ = {isa = PBXBuildFile; fileRef = 5700119517F4FDA600F764A8 /* Foundation.framework */; };
		5700119817F4FDA600F764A8 /* CoreGraphics.framework in Frameworks */ = {isa = PBXBuildFile; fileRef = 5700119717F4FDA600F764A8 /* CoreGraphics.framework */; };
		5700119A17F4FDA600F764A8 /* UIKit.framework in Frameworks */ = {isa = PBXBuildFile; fileRef = 5700119917F4FDA600F764A8 /* UIKit.framework */; };
		570011A017F4FDA600F764A8 /* InfoPlist.strings in Resources */ = {isa = PBXBuildFile; fileRef = 5700119E17F4FDA600F764A8 /* InfoPlist.strings */; };
		570011A217F4FDA600F764A8 /* main.m in Sources */ = {isa = PBXBuildFile; fileRef = 570011A117F4FDA600F764A8 /* main.m */; };
		570011A617F4FDA600F764A8 /* CWSAppDelegate.m in Sources */ = {isa = PBXBuildFile; fileRef = 570011A517F4FDA600F764A8 /* CWSAppDelegate.m */; };
		570011A917F4FDA600F764A8 /* Main.storyboard in Resources */ = {isa = PBXBuildFile; fileRef = 570011A717F4FDA600F764A8 /* Main.storyboard */; };
		570011AC17F4FDA600F764A8 /* CWSViewController.m in Sources */ = {isa = PBXBuildFile; fileRef = 570011AB17F4FDA600F764A8 /* CWSViewController.m */; };
		570011AE17F4FDA600F764A8 /* Images.xcassets in Resources */ = {isa = PBXBuildFile; fileRef = 570011AD17F4FDA600F764A8 /* Images.xcassets */; };
		570011B517F4FDA600F764A8 /* XCTest.framework in Frameworks */ = {isa = PBXBuildFile; fileRef = 570011B417F4FDA600F764A8 /* XCTest.framework */; };
		570011B617F4FDA600F764A8 /* Foundation.framework in Frameworks */ = {isa = PBXBuildFile; fileRef = 5700119517F4FDA600F764A8 /* Foundation.framework */; };
		570011B717F4FDA600F764A8 /* UIKit.framework in Frameworks */ = {isa = PBXBuildFile; fileRef = 5700119917F4FDA600F764A8 /* UIKit.framework */; };
		570011BF17F4FDA600F764A8 /* InfoPlist.strings in Resources */ = {isa = PBXBuildFile; fileRef = 570011BD17F4FDA600F764A8 /* InfoPlist.strings */; };
		570011C117F4FDA600F764A8 /* ImageFromHTMLTests.m in Sources */ = {isa = PBXBuildFile; fileRef = 570011C017F4FDA600F764A8 /* ImageFromHTMLTests.m */; };
/* End PBXBuildFile section */

/* Begin PBXContainerItemProxy section */
		570011B817F4FDA600F764A8 /* PBXContainerItemProxy */ = {
			isa = PBXContainerItemProxy;
			containerPortal = 5700118A17F4FDA600F764A8 /* Project object */;
			proxyType = 1;
			remoteGlobalIDString = 5700119117F4FDA600F764A8;
			remoteInfo = ImageFromHTML;
		};
/* End PBXContainerItemProxy section */

/* Begin PBXFileReference section */
		5700119217F4FDA600F764A8 /* ImageFromHTML.app */ = {isa = PBXFileReference; explicitFileType = wrapper.application; includeInIndex = 0; path = ImageFromHTML.app; sourceTree = BUILT_PRODUCTS_DIR; };
		5700119517F4FDA600F764A8 /* Foundation.framework */ = {isa = PBXFileReference; lastKnownFileType = wrapper.framework; name = Foundation.framework; path = System/Library/Frameworks/Foundation.framework; sourceTree = SDKROOT; };
		5700119717F4FDA600F764A8 /* CoreGraphics.framework */ = {isa = PBXFileReference; lastKnownFileType = wrapper.framework; name = CoreGraphics.framework; path = System/Library/Frameworks/CoreGraphics.framework; sourceTree = SDKROOT; };
		5700119917F4FDA600F764A8 /* UIKit.framework */ = {isa = PBXFileReference; lastKnownFileType = wrapper.framework; name = UIKit.framework; path = System/Library/Frameworks/UIKit.framework; sourceTree = SDKROOT; };
		5700119D17F4FDA600F764A8 /* ImageFromHTML-Info.plist */ = {isa = PBXFileReference; lastKnownFileType = text.plist.xml; path = "ImageFromHTML-Info.plist"; sourceTree = "<group>"; };
		5700119F17F4FDA600F764A8 /* en */ = {isa = PBXFileReference; lastKnownFileType = text.plist.strings; name = en; path = en.lproj/InfoPlist.strings; sourceTree = "<group>"; };
		570011A117F4FDA600F764A8 /* main.m */ = {isa = PBXFileReference; lastKnownFileType = sourcecode.c.objc; path = main.m; sourceTree = "<group>"; };
		570011A317F4FDA600F764A8 /* ImageFromHTML-Prefix.pch */ = {isa = PBXFileReference; lastKnownFileType = sourcecode.c.h; path = "ImageFromHTML-Prefix.pch"; sourceTree = "<group>"; };
		570011A417F4FDA600F764A8 /* CWSAppDelegate.h */ = {isa = PBXFileReference; lastKnownFileType = sourcecode.c.h; path = CWSAppDelegate.h; sourceTree = "<group>"; };
		570011A517F4FDA600F764A8 /* CWSAppDelegate.m */ = {isa = PBXFileReference; lastKnownFileType = sourcecode.c.objc; path = CWSAppDelegate.m; sourceTree = "<group>"; };
		570011A817F4FDA600F764A8 /* Base */ = {isa = PBXFileReference; lastKnownFileType = file.storyboard; name = Base; path = Base.lproj/Main.storyboard; sourceTree = "<group>"; };
		570011AA17F4FDA600F764A8 /* CWSViewController.h */ = {isa = PBXFileReference; lastKnownFileType = sourcecode.c.h; path = CWSViewController.h; sourceTree = "<group>"; };
		570011AB17F4FDA600F764A8 /* CWSViewController.m */ = {isa = PBXFileReference; lastKnownFileType = sourcecode.c.objc; path = CWSViewController.m; sourceTree = "<group>"; };
		570011AD17F4FDA600F764A8 /* Images.xcassets */ = {isa = PBXFileReference; lastKnownFileType = folder.assetcatalog; path = Images.xcassets; sourceTree = "<group>"; };
		570011B317F4FDA600F764A8 /* ImageFromHTMLTests.xctest */ = {isa = PBXFileReference; explicitFileType = wrapper.cfbundle; includeInIndex = 0; path = ImageFromHTMLTests.xctest; sourceTree = BUILT_PRODUCTS_DIR; };
		570011B417F4FDA600F764A8 /* XCTest.framework */ = {isa = PBXFileReference; lastKnownFileType = wrapper.framework; name = XCTest.framework; path = Library/Frameworks/XCTest.framework; sourceTree = DEVELOPER_DIR; };
		570011BC17F4FDA600F764A8 /* ImageFromHTMLTests-Info.plist */ = {isa = PBXFileReference; lastKnownFileType = text.plist.xml; path = "ImageFromHTMLTests-Info.plist"; sourceTree = "<group>"; };
		570011BE17F4FDA600F764A8 /* en */ = {isa = PBXFileReference; lastKnownFileType = text.plist.strings; name = en; path = en.lproj/InfoPlist.strings; sourceTree = "<group>"; };
		570011C017F4FDA600F764A8 /* ImageFromHTMLTests.m */ = {isa = PBXFileReference; lastKnownFileType = sourcecode.c.objc; path = ImageFromHTMLTests.m; sourceTree = "<group>"; };
/* End PBXFileReference section */

/* Begin PBXFrameworksBuildPhase section */
		5700118F17F4FDA600F764A8 /* Frameworks */ = {
			isa = PBXFrameworksBuildPhase;
			buildActionMask = 2147483647;
			files = (
				5700119817F4FDA600F764A8 /* CoreGraphics.framework in Frameworks */,
				5700119A17F4FDA600F764A8 /* UIKit.framework in Frameworks */,
				5700119617F4FDA600F764A8 /* Foundation.framework in Frameworks */,
			);
			runOnlyForDeploymentPostprocessing = 0;
		};
		570011B017F4FDA600F764A8 /* Frameworks */ = {
			isa = PBXFrameworksBuildPhase;
			buildActionMask = 2147483647;
			files = (
				570011B517F4FDA600F764A8 /* XCTest.framework in Frameworks */,
				570011B717F4FDA600F764A8 /* UIKit.framework in Frameworks */,
				570011B617F4FDA600F764A8 /* Foundation.framework in Frameworks */,
			);
			runOnlyForDeploymentPostprocessing = 0;
		};
/* End PBXFrameworksBuildPhase section */

/* Begin PBXGroup section */
		5700118917F4FDA600F764A8 = {
			isa = PBXGroup;
			children = (
				5700119B17F4FDA600F764A8 /* ImageFromHTML */,
				570011BA17F4FDA600F764A8 /* ImageFromHTMLTests */,
				5700119417F4FDA600F764A8 /* Frameworks */,
				5700119317F4FDA600F764A8 /* Products */,
			);
			sourceTree = "<group>";
		};
		5700119317F4FDA600F764A8 /* Products */ = {
			isa = PBXGroup;
			children = (
				5700119217F4FDA600F764A8 /* ImageFromHTML.app */,
				570011B317F4FDA600F764A8 /* ImageFromHTMLTests.xctest */,
			);
			name = Products;
			sourceTree = "<group>";
		};
		5700119417F4FDA600F764A8 /* Frameworks */ = {
			isa = PBXGroup;
			children = (
				5700119517F4FDA600F764A8 /* Foundation.framework */,
				5700119717F4FDA600F764A8 /* CoreGraphics.framework */,
				5700119917F4FDA600F764A8 /* UIKit.framework */,
				570011B417F4FDA600F764A8 /* XCTest.framework */,
			);
			name = Frameworks;
			sourceTree = "<group>";
		};
		5700119B17F4FDA600F764A8 /* ImageFromHTML */ = {
			isa = PBXGroup;
			children = (
				570011A417F4FDA600F764A8 /* CWSAppDelegate.h */,
				570011A517F4FDA600F764A8 /* CWSAppDelegate.m */,
				570011A717F4FDA600F764A8 /* Main.storyboard */,
				570011AA17F4FDA600F764A8 /* CWSViewController.h */,
				570011AB17F4FDA600F764A8 /* CWSViewController.m */,
				570011AD17F4FDA600F764A8 /* Images.xcassets */,
				5700119C17F4FDA600F764A8 /* Supporting Files */,
			);
			path = ImageFromHTML;
			sourceTree = "<group>";
		};
		5700119C17F4FDA600F764A8 /* Supporting Files */ = {
			isa = PBXGroup;
			children = (
				5700119D17F4FDA600F764A8 /* ImageFromHTML-Info.plist */,
				5700119E17F4FDA600F764A8 /* InfoPlist.strings */,
				570011A117F4FDA600F764A8 /* main.m */,
				570011A317F4FDA600F764A8 /* ImageFromHTML-Prefix.pch */,
			);
			name = "Supporting Files";
			sourceTree = "<group>";
		};
		570011BA17F4FDA600F764A8 /* ImageFromHTMLTests */ = {
			isa = PBXGroup;
			children = (
				570011C017F4FDA600F764A8 /* ImageFromHTMLTests.m */,
				570011BB17F4FDA600F764A8 /* Supporting Files */,
			);
			path = ImageFromHTMLTests;
			sourceTree = "<group>";
		};
		570011BB17F4FDA600F764A8 /* Supporting Files */ = {
			isa = PBXGroup;
			children = (
				570011BC17F4FDA600F764A8 /* ImageFromHTMLTests-Info.plist */,
				570011BD17F4FDA600F764A8 /* InfoPlist.strings */,
			);
			name = "Supporting Files";
			sourceTree = "<group>";
		};
/* End PBXGroup section */

/* Begin PBXNativeTarget section */
		5700119117F4FDA600F764A8 /* ImageFromHTML */ = {
			isa = PBXNativeTarget;
			buildConfigurationList = 570011C417F4FDA600F764A8 /* Build configuration list for PBXNativeTarget "ImageFromHTML" */;
			buildPhases = (
				5700118E17F4FDA600F764A8 /* Sources */,
				5700118F17F4FDA600F764A8 /* Frameworks */,
				5700119017F4FDA600F764A8 /* Resources */,
			);
			buildRules = (
			);
			dependencies = (
			);
			name = ImageFromHTML;
			productName = ImageFromHTML;
			productReference = 5700119217F4FDA600F764A8 /* ImageFromHTML.app */;
			productType = "com.apple.product-type.application";
		};
		570011B217F4FDA600F764A8 /* ImageFromHTMLTests */ = {
			isa = PBXNativeTarget;
			buildConfigurationList = 570011C717F4FDA600F764A8 /* Build configuration list for PBXNativeTarget "ImageFromHTMLTests" */;
			buildPhases = (
				570011AF17F4FDA600F764A8 /* Sources */,
				570011B017F4FDA600F764A8 /* Frameworks */,
				570011B117F4FDA600F764A8 /* Resources */,
			);
			buildRules = (
			);
			dependencies = (
				570011B917F4FDA600F764A8 /* PBXTargetDependency */,
			);
			name = ImageFromHTMLTests;
			productName = ImageFromHTMLTests;
			productReference = 570011B317F4FDA600F764A8 /* ImageFromHTMLTests.xctest */;
			productType = "com.apple.product-type.bundle.unit-test";
		};
/* End PBXNativeTarget section */

/* Begin PBXProject section */
		5700118A17F4FDA600F764A8 /* Project object */ = {
			isa = PBXProject;
			attributes = {
				CLASSPREFIX = CWS;
				LastUpgradeCheck = 0500;
				ORGANIZATIONNAME = "Cleber Santos";
				TargetAttributes = {
					570011B217F4FDA600F764A8 = {
						TestTargetID = 5700119117F4FDA600F764A8;
					};
				};
			};
			buildConfigurationList = 5700118D17F4FDA600F764A8 /* Build configuration list for PBXProject "ImageFromHTML" */;
			compatibilityVersion = "Xcode 3.2";
			developmentRegion = English;
			hasScannedForEncodings = 0;
			knownRegions = (
				en,
				Base,
			);
			mainGroup = 5700118917F4FDA600F764A8;
			productRefGroup = 5700119317F4FDA600F764A8 /* Products */;
			projectDirPath = "";
			projectRoot = "";
			targets = (
				5700119117F4FDA600F764A8 /* ImageFromHTML */,
				570011B217F4FDA600F764A8 /* ImageFromHTMLTests */,
			);
		};
/* End PBXProject section */

/* Begin PBXResourcesBuildPhase section */
		5700119017F4FDA600F764A8 /* Resources */ = {
			isa = PBXResourcesBuildPhase;
			buildActionMask = 2147483647;
			files = (
				570011AE17F4FDA600F764A8 /* Images.xcassets in Resources */,
				570011A017F4FDA600F764A8 /* InfoPlist.strings in Resources */,
				570011A917F4FDA600F764A8 /* Main.storyboard in Resources */,
			);
			runOnlyForDeploymentPostprocessing = 0;
		};
		570011B117F4FDA600F764A8 /* Resources */ = {
			isa = PBXResourcesBuildPhase;
			buildActionMask = 2147483647;
			files = (
				570011BF17F4FDA600F764A8 /* InfoPlist.strings in Resources */,
			);
			runOnlyForDeploymentPostprocessing = 0;
		};
/* End PBXResourcesBuildPhase section */

/* Begin PBXSourcesBuildPhase section */
		5700118E17F4FDA600F764A8 /* Sources */ = {
			isa = PBXSourcesBuildPhase;
			buildActionMask = 2147483647;
			files = (
				570011A617F4FDA600F764A8 /* CWSAppDelegate.m in Sources */,
				570011AC17F4FDA600F764A8 /* CWSViewController.m in Sources */,
				570011A217F4FDA600F764A8 /* main.m in Sources */,
			);
			runOnlyForDeploymentPostprocessing = 0;
		};
		570011AF17F4FDA600F764A8 /* Sources */ = {
			isa = PBXSourcesBuildPhase;
			buildActionMask = 2147483647;
			files = (
				570011C117F4FDA600F764A8 /* ImageFromHTMLTests.m in Sources */,
			);
			runOnlyForDeploymentPostprocessing = 0;
		};
/* End PBXSourcesBuildPhase section */

/* Begin PBXTargetDependency section */
		570011B917F4FDA600F764A8 /* PBXTargetDependency */ = {
			isa = PBXTargetDependency;
			target = 5700119117F4FDA600F764A8 /* ImageFromHTML */;
			targetProxy = 570011B817F4FDA600F764A8 /* PBXContainerItemProxy */;
		};
/* End PBXTargetDependency section */

/* Begin PBXVariantGroup section */
		5700119E17F4FDA600F764A8 /* InfoPlist.strings */ = {
			isa = PBXVariantGroup;
			children = (
				5700119F17F4FDA600F764A8 /* en */,
			);
			name = InfoPlist.strings;
			sourceTree = "<group>";
		};
		570011A717F4FDA600F764A8 /* Main.storyboard */ = {
			isa = PBXVariantGroup;
			children = (
				570011A817F4FDA600F764A8 /* Base */,
			);
			name = Main.storyboard;
			sourceTree = "<group>";
		};
		570011BD17F4FDA600F764A8 /* InfoPlist.strings */ = {
			isa = PBXVariantGroup;
			children = (
				570011BE17F4FDA600F764A8 /* en */,
			);
			name = InfoPlist.strings;
			sourceTree = "<group>";
		};
/* End PBXVariantGroup section */

/* Begin XCBuildConfiguration section */
		570011C217F4FDA600F764A8 /* Debug */ = {
			isa = XCBuildConfiguration;
			buildSettings = {
				ALWAYS_SEARCH_USER_PATHS = NO;
				ARCHS = "$(ARCHS_STANDARD_INCLUDING_64_BIT)";
				CLANG_CXX_LANGUAGE_STANDARD = "gnu++0x";
				CLANG_CXX_LIBRARY = "libc++";
				CLANG_ENABLE_MODULES = YES;
				CLANG_ENABLE_OBJC_ARC = YES;
				CLANG_WARN_BOOL_CONVERSION = YES;
				CLANG_WARN_CONSTANT_CONVERSION = YES;
				CLANG_WARN_DIRECT_OBJC_ISA_USAGE = YES_ERROR;
				CLANG_WARN_EMPTY_BODY = YES;
				CLANG_WARN_ENUM_CONVERSION = YES;
				CLANG_WARN_INT_CONVERSION = YES;
				CLANG_WARN_OBJC_ROOT_CLASS = YES_ERROR;
				CLANG_WARN__DUPLICATE_METHOD_MATCH = YES;
				"CODE_SIGN_IDENTITY[sdk=iphoneos*]" = "iPhone Developer";
				COPY_PHASE_STRIP = NO;
				GCC_C_LANGUAGE_STANDARD = gnu99;
				GCC_DYNAMIC_NO_PIC = NO;
				GCC_OPTIMIZATION_LEVEL = 0;
				GCC_PREPROCESSOR_DEFINITIONS = (
					"DEBUG=1",
					"$(inherited)",
				);
				GCC_SYMBOLS_PRIVATE_EXTERN = NO;
				GCC_WARN_64_TO_32_BIT_CONVERSION = YES;
				GCC_WARN_ABOUT_RETURN_TYPE = YES_ERROR;
				GCC_WARN_UNDECLARED_SELECTOR = YES;
				GCC_WARN_UNINITIALIZED_AUTOS = YES;
				GCC_WARN_UNUSED_FUNCTION = YES;
				GCC_WARN_UNUSED_VARIABLE = YES;
				IPHONEOS_DEPLOYMENT_TARGET = 7.0;
				ONLY_ACTIVE_ARCH = YES;
				SDKROOT = iphoneos;
			};
			name = Debug;
		};
		570011C317F4FDA600F764A8 /* Release */ = {
			isa = XCBuildConfiguration;
			buildSettings = {
				ALWAYS_SEARCH_USER_PATHS = NO;
				ARCHS = "$(ARCHS_STANDARD_INCLUDING_64_BIT)";
				CLANG_CXX_LANGUAGE_STANDARD = "gnu++0x";
				CLANG_CXX_LIBRARY = "libc++";
				CLANG_ENABLE_MODULES = YES;
				CLANG_ENABLE_OBJC_ARC = YES;
				CLANG_WARN_BOOL_CONVERSION = YES;
				CLANG_WARN_CONSTANT_CONVERSION = YES;
				CLANG_WARN_DIRECT_OBJC_ISA_USAGE = YES_ERROR;
				CLANG_WARN_EMPTY_BODY = YES;
				CLANG_WARN_ENUM_CONVERSION = YES;
				CLANG_WARN_INT_CONVERSION = YES;
				CLANG_WARN_OBJC_ROOT_CLASS = YES_ERROR;
				CLANG_WARN__DUPLICATE_METHOD_MATCH = YES;
				"CODE_SIGN_IDENTITY[sdk=iphoneos*]" = "iPhone Developer";
				COPY_PHASE_STRIP = YES;
				ENABLE_NS_ASSERTIONS = NO;
				GCC_C_LANGUAGE_STANDARD = gnu99;
				GCC_WARN_64_TO_32_BIT_CONVERSION = YES;
				GCC_WARN_ABOUT_RETURN_TYPE = YES_ERROR;
				GCC_WARN_UNDECLARED_SELECTOR = YES;
				GCC_WARN_UNINITIALIZED_AUTOS = YES;
				GCC_WARN_UNUSED_FUNCTION = YES;
				GCC_WARN_UNUSED_VARIABLE = YES;
				IPHONEOS_DEPLOYMENT_TARGET = 7.0;
				SDKROOT = iphoneos;
				VALIDATE_PRODUCT = YES;
			};
			name = Release;
		};
		570011C517F4FDA600F764A8 /* Debug */ = {
			isa = XCBuildConfiguration;
			buildSettings = {
				ASSETCATALOG_COMPILER_APPICON_NAME = AppIcon;
				ASSETCATALOG_COMPILER_LAUNCHIMAGE_NAME = LaunchImage;
				GCC_PRECOMPILE_PREFIX_HEADER = YES;
				GCC_PREFIX_HEADER = "ImageFromHTML/ImageFromHTML-Prefix.pch";
				INFOPLIST_FILE = "ImageFromHTML/ImageFromHTML-Info.plist";
				PRODUCT_NAME = "$(TARGET_NAME)";
				WRAPPER_EXTENSION = app;
			};
			name = Debug;
		};
		570011C617F4FDA600F764A8 /* Release */ = {
			isa = XCBuildConfiguration;
			buildSettings = {
				ASSETCATALOG_COMPILER_APPICON_NAME = AppIcon;
				ASSETCATALOG_COMPILER_LAUNCHIMAGE_NAME = LaunchImage;
				GCC_PRECOMPILE_PREFIX_HEADER = YES;
				GCC_PREFIX_HEADER = "ImageFromHTML/ImageFromHTML-Prefix.pch";
				INFOPLIST_FILE = "ImageFromHTML/ImageFromHTML-Info.plist";
				PRODUCT_NAME = "$(TARGET_NAME)";
				WRAPPER_EXTENSION = app;
			};
			name = Release;
		};
		570011C817F4FDA600F764A8 /* Debug */ = {
			isa = XCBuildConfiguration;
			buildSettings = {
				ARCHS = "$(ARCHS_STANDARD_INCLUDING_64_BIT)";
				BUNDLE_LOADER = "$(BUILT_PRODUCTS_DIR)/ImageFromHTML.app/ImageFromHTML";
				FRAMEWORK_SEARCH_PATHS = (
					"$(SDKROOT)/Developer/Library/Frameworks",
					"$(inherited)",
					"$(DEVELOPER_FRAMEWORKS_DIR)",
				);
				GCC_PRECOMPILE_PREFIX_HEADER = YES;
				GCC_PREFIX_HEADER = "ImageFromHTML/ImageFromHTML-Prefix.pch";
				GCC_PREPROCESSOR_DEFINITIONS = (
					"DEBUG=1",
					"$(inherited)",
				);
				INFOPLIST_FILE = "ImageFromHTMLTests/ImageFromHTMLTests-Info.plist";
				PRODUCT_NAME = "$(TARGET_NAME)";
				TEST_HOST = "$(BUNDLE_LOADER)";
				WRAPPER_EXTENSION = xctest;
			};
			name = Debug;
		};
		570011C917F4FDA600F764A8 /* Release */ = {
			isa = XCBuildConfiguration;
			buildSettings = {
				ARCHS = "$(ARCHS_STANDARD_INCLUDING_64_BIT)";
				BUNDLE_LOADER = "$(BUILT_PRODUCTS_DIR)/ImageFromHTML.app/ImageFromHTML";
				FRAMEWORK_SEARCH_PATHS = (
					"$(SDKROOT)/Developer/Library/Frameworks",
					"$(inherited)",
					"$(DEVELOPER_FRAMEWORKS_DIR)",
				);
				GCC_PRECOMPILE_PREFIX_HEADER = YES;
				GCC_PREFIX_HEADER = "ImageFromHTML/ImageFromHTML-Prefix.pch";
				INFOPLIST_FILE = "ImageFromHTMLTests/ImageFromHTMLTests-Info.plist";
				PRODUCT_NAME = "$(TARGET_NAME)";
				TEST_HOST = "$(BUNDLE_LOADER)";
				WRAPPER_EXTENSION = xctest;
			};
			name = Release;
		};
/* End XCBuildConfiguration section */

/* Begin XCConfigurationList section */
		5700118D17F4FDA600F764A8 /* Build configuration list for PBXProject "ImageFromHTML" */ = {
			isa = XCConfigurationList;
			buildConfigurations = (
				570011C217F4FDA600F764A8 /* Debug */,
				570011C317F4FDA600F764A8 /* Release */,
			);
			defaultConfigurationIsVisible = 0;
			defaultConfigurationName = Release;
		};
		570011C417F4FDA600F764A8 /* Build configuration list for PBXNativeTarget "ImageFromHTML" */ = {
			isa = XCConfigurationList;
			buildConfigurations = (
				570011C517F4FDA600F764A8 /* Debug */,
				570011C617F4FDA600F764A8 /* Release */,
			);
			defaultConfigurationIsVisible = 0;
		};
		570011C717F4FDA600F764A8 /* Build configuration list for PBXNativeTarget "ImageFromHTMLTests" */ = {
			isa = XCConfigurationList;
			buildConfigurations = (
				570011C817F4FDA600F764A8 /* Debug */,
				570011C917F4FDA600F764A8 /* Release */,
			);
			defaultConfigurationIsVisible = 0;
		};
/* End XCConfigurationList section */
	};
	rootObject = 5700118A17F4FDA600F764A8 /* Project object */;
}
